// !$*UTF8*$!
{
	archiveVersion = 1;
	classes = {
	};
	objectVersion = 46;
	objects = {

/* Begin PBXBuildFile section */
		6CB1FEBB18FDD3B700D3529D /* Foundation.framework in Frameworks */ = {isa = PBXBuildFile; fileRef = 6CB1FEBA18FDD3B700D3529D /* Foundation.framework */; };
		6CB1FEBD18FDD3B700D3529D /* CoreGraphics.framework in Frameworks */ = {isa = PBXBuildFile; fileRef = 6CB1FEBC18FDD3B700D3529D /* CoreGraphics.framework */; };
		6CB1FEBF18FDD3B700D3529D /* UIKit.framework in Frameworks */ = {isa = PBXBuildFile; fileRef = 6CB1FEBE18FDD3B700D3529D /* UIKit.framework */; };
		6CB1FEC518FDD3B700D3529D /* InfoPlist.strings in Resources */ = {isa = PBXBuildFile; fileRef = 6CB1FEC318FDD3B700D3529D /* InfoPlist.strings */; };
		6CB1FEC718FDD3B700D3529D /* main.m in Sources */ = {isa = PBXBuildFile; fileRef = 6CB1FEC618FDD3B700D3529D /* main.m */; };
		6CB1FECB18FDD3B700D3529D /* AppDelegate.m in Sources */ = {isa = PBXBuildFile; fileRef = 6CB1FECA18FDD3B700D3529D /* AppDelegate.m */; };
		6CB1FECE18FDD3B700D3529D /* Main_iPhone.storyboard in Resources */ = {isa = PBXBuildFile; fileRef = 6CB1FECC18FDD3B700D3529D /* Main_iPhone.storyboard */; };
		6CB1FED418FDD3B700D3529D /* ViewController.m in Sources */ = {isa = PBXBuildFile; fileRef = 6CB1FED318FDD3B700D3529D /* ViewController.m */; };
		6CB1FED618FDD3B700D3529D /* Images.xcassets in Resources */ = {isa = PBXBuildFile; fileRef = 6CB1FED518FDD3B700D3529D /* Images.xcassets */; };
/* End PBXBuildFile section */

/* Begin PBXFileReference section */
		6CB1FEB718FDD3B700D3529D /* WebViewTester.app */ = {isa = PBXFileReference; explicitFileType = wrapper.application; includeInIndex = 0; path = WebViewTester.app; sourceTree = BUILT_PRODUCTS_DIR; };
		6CB1FEBA18FDD3B700D3529D /* Foundation.framework */ = {isa = PBXFileReference; lastKnownFileType = wrapper.framework; name = Foundation.framework; path = System/Library/Frameworks/Foundation.framework; sourceTree = SDKROOT; };
		6CB1FEBC18FDD3B700D3529D /* CoreGraphics.framework */ = {isa = PBXFileReference; lastKnownFileType = wrapper.framework; name = CoreGraphics.framework; path = System/Library/Frameworks/CoreGraphics.framework; sourceTree = SDKROOT; };
		6CB1FEBE18FDD3B700D3529D /* UIKit.framework */ = {isa = PBXFileReference; lastKnownFileType = wrapper.framework; name = UIKit.framework; path = System/Library/Frameworks/UIKit.framework; sourceTree = SDKROOT; };
		6CB1FEC218FDD3B700D3529D /* WebViewTester-Info.plist */ = {isa = PBXFileReference; lastKnownFileType = text.plist.xml; path = "WebViewTester-Info.plist"; sourceTree = "<group>"; };
		6CB1FEC418FDD3B700D3529D /* en */ = {isa = PBXFileReference; lastKnownFileType = text.plist.strings; name = en; path = en.lproj/InfoPlist.strings; sourceTree = "<group>"; };
		6CB1FEC618FDD3B700D3529D /* main.m */ = {isa = PBXFileReference; lastKnownFileType = sourcecode.c.objc; path = main.m; sourceTree = "<group>"; };
		6CB1FEC818FDD3B700D3529D /* WebViewTester-Prefix.pch */ = {isa = PBXFileReference; lastKnownFileType = sourcecode.c.h; path = "WebViewTester-Prefix.pch"; sourceTree = "<group>"; };
		6CB1FEC918FDD3B700D3529D /* AppDelegate.h */ = {isa = PBXFileReference; lastKnownFileType = sourcecode.c.h; path = AppDelegate.h; sourceTree = "<group>"; };
		6CB1FECA18FDD3B700D3529D /* AppDelegate.m */ = {isa = PBXFileReference; lastKnownFileType = sourcecode.c.objc; path = AppDelegate.m; sourceTree = "<group>"; };
		6CB1FECD18FDD3B700D3529D /* Base */ = {isa = PBXFileReference; lastKnownFileType = file.storyboard; name = Base; path = Base.lproj/Main_iPhone.storyboard; sourceTree = "<group>"; };
		6CB1FED218FDD3B700D3529D /* ViewController.h */ = {isa = PBXFileReference; lastKnownFileType = sourcecode.c.h; path = ViewController.h; sourceTree = "<group>"; };
		6CB1FED318FDD3B700D3529D /* ViewController.m */ = {isa = PBXFileReference; lastKnownFileType = sourcecode.c.objc; path = ViewController.m; sourceTree = "<group>"; };
		6CB1FED518FDD3B700D3529D /* Images.xcassets */ = {isa = PBXFileReference; lastKnownFileType = folder.assetcatalog; path = Images.xcassets; sourceTree = "<group>"; };
		6CB1FEDC18FDD3B700D3529D /* XCTest.framework */ = {isa = PBXFileReference; lastKnownFileType = wrapper.framework; name = XCTest.framework; path = Library/Frameworks/XCTest.framework; sourceTree = DEVELOPER_DIR; };
/* End PBXFileReference section */

/* Begin PBXFrameworksBuildPhase section */
		6CB1FEB418FDD3B700D3529D /* Frameworks */ = {
			isa = PBXFrameworksBuildPhase;
			buildActionMask = 2147483647;
			files = (
				6CB1FEBD18FDD3B700D3529D /* CoreGraphics.framework in Frameworks */,
				6CB1FEBF18FDD3B700D3529D /* UIKit.framework in Frameworks */,
				6CB1FEBB18FDD3B700D3529D /* Foundation.framework in Frameworks */,
			);
			runOnlyForDeploymentPostprocessing = 0;
		};
/* End PBXFrameworksBuildPhase section */

/* Begin PBXGroup section */
		6CB1FEAE18FDD3B700D3529D = {
			isa = PBXGroup;
			children = (
				6CB1FEC018FDD3B700D3529D /* WebViewTester */,
				6CB1FEB918FDD3B700D3529D /* Frameworks */,
				6CB1FEB818FDD3B700D3529D /* Products */,
			);
			sourceTree = "<group>";
		};
		6CB1FEB818FDD3B700D3529D /* Products */ = {
			isa = PBXGroup;
			children = (
				6CB1FEB718FDD3B700D3529D /* WebViewTester.app */,
			);
			name = Products;
			sourceTree = "<group>";
		};
		6CB1FEB918FDD3B700D3529D /* Frameworks */ = {
			isa = PBXGroup;
			children = (
				6CB1FEBA18FDD3B700D3529D /* Foundation.framework */,
				6CB1FEBC18FDD3B700D3529D /* CoreGraphics.framework */,
				6CB1FEBE18FDD3B700D3529D /* UIKit.framework */,
				6CB1FEDC18FDD3B700D3529D /* XCTest.framework */,
			);
			name = Frameworks;
			sourceTree = "<group>";
		};
		6CB1FEC018FDD3B700D3529D /* WebViewTester */ = {
			isa = PBXGroup;
			children = (
				6CB1FEC918FDD3B700D3529D /* AppDelegate.h */,
				6CB1FECA18FDD3B700D3529D /* AppDelegate.m */,
				6CB1FECC18FDD3B700D3529D /* Main_iPhone.storyboard */,
				6CB1FED218FDD3B700D3529D /* ViewController.h */,
				6CB1FED318FDD3B700D3529D /* ViewController.m */,
				6CB1FED518FDD3B700D3529D /* Images.xcassets */,
				6CB1FEC118FDD3B700D3529D /* Supporting Files */,
			);
			path = WebViewTester;
			sourceTree = "<group>";
		};
		6CB1FEC118FDD3B700D3529D /* Supporting Files */ = {
			isa = PBXGroup;
			children = (
				6CB1FEC218FDD3B700D3529D /* WebViewTester-Info.plist */,
				6CB1FEC318FDD3B700D3529D /* InfoPlist.strings */,
				6CB1FEC618FDD3B700D3529D /* main.m */,
				6CB1FEC818FDD3B700D3529D /* WebViewTester-Prefix.pch */,
			);
			name = "Supporting Files";
			sourceTree = "<group>";
		};
/* End PBXGroup section */

/* Begin PBXNativeTarget section */
		6CB1FEB618FDD3B700D3529D /* WebViewTester */ = {
			isa = PBXNativeTarget;
			buildConfigurationList = 6CB1FEEC18FDD3B700D3529D /* Build configuration list for PBXNativeTarget "WebViewTester" */;
			buildPhases = (
				6CB1FEB318FDD3B700D3529D /* Sources */,
				6CB1FEB418FDD3B700D3529D /* Frameworks */,
				6CB1FEB518FDD3B700D3529D /* Resources */,
			);
			buildRules = (
			);
			dependencies = (
			);
			name = WebViewTester;
			productName = WebViewTester;
			productReference = 6CB1FEB718FDD3B700D3529D /* WebViewTester.app */;
			productType = "com.apple.product-type.application";
		};
/* End PBXNativeTarget section */

/* Begin PBXProject section */
		6CB1FEAF18FDD3B700D3529D /* Project object */ = {
			isa = PBXProject;
			attributes = {
				LastUpgradeCheck = 0510;
				ORGANIZATIONNAME = "Scientific Games";
			};
			buildConfigurationList = 6CB1FEB218FDD3B700D3529D /* Build configuration list for PBXProject "WebViewTester" */;
			compatibilityVersion = "Xcode 3.2";
			developmentRegion = English;
			hasScannedForEncodings = 0;
			knownRegions = (
				en,
				Base,
			);
			mainGroup = 6CB1FEAE18FDD3B700D3529D;
			productRefGroup = 6CB1FEB818FDD3B700D3529D /* Products */;
			projectDirPath = "";
			projectRoot = "";
			targets = (
				6CB1FEB618FDD3B700D3529D /* WebViewTester */,
			);
		};
/* End PBXProject section */

/* Begin PBXResourcesBuildPhase section */
		6CB1FEB518FDD3B700D3529D /* Resources */ = {
			isa = PBXResourcesBuildPhase;
			buildActionMask = 2147483647;
			files = (
				6CB1FED618FDD3B700D3529D /* Images.xcassets in Resources */,
				6CB1FECE18FDD3B700D3529D /* Main_iPhone.storyboard in Resources */,
				6CB1FEC518FDD3B700D3529D /* InfoPlist.strings in Resources */,
			);
			runOnlyForDeploymentPostprocessing = 0;
		};
/* End PBXResourcesBuildPhase section */

/* Begin PBXSourcesBuildPhase section */
		6CB1FEB318FDD3B700D3529D /* Sources */ = {
			isa = PBXSourcesBuildPhase;
			buildActionMask = 2147483647;
			files = (
				6CB1FED418FDD3B700D3529D /* ViewController.m in Sources */,
				6CB1FECB18FDD3B700D3529D /* AppDelegate.m in Sources */,
				6CB1FEC718FDD3B700D3529D /* main.m in Sources */,
			);
			runOnlyForDeploymentPostprocessing = 0;
		};
/* End PBXSourcesBuildPhase section */

/* Begin PBXVariantGroup section */
		6CB1FEC318FDD3B700D3529D /* InfoPlist.strings */ = {
			isa = PBXVariantGroup;
			children = (
				6CB1FEC418FDD3B700D3529D /* en */,
			);
			name = InfoPlist.strings;
			sourceTree = "<group>";
		};
		6CB1FECC18FDD3B700D3529D /* Main_iPhone.storyboard */ = {
			isa = PBXVariantGroup;
			children = (
				6CB1FECD18FDD3B700D3529D /* Base */,
			);
			name = Main_iPhone.storyboard;
			sourceTree = "<group>";
		};
/* End PBXVariantGroup section */

/* Begin XCBuildConfiguration section */
		6CB1FEEA18FDD3B700D3529D /* Debug */ = {
			isa = XCBuildConfiguration;
			buildSettings = {
				ALWAYS_SEARCH_USER_PATHS = NO;
				CLANG_CXX_LANGUAGE_STANDARD = "gnu++0x";
				CLANG_CXX_LIBRARY = "libc++";
				CLANG_ENABLE_MODULES = YES;
				CLANG_ENABLE_OBJC_ARC = YES;
				CLANG_WARN_BOOL_CONVERSION = YES;
				CLANG_WARN_CONSTANT_CONVERSION = YES;
				CLANG_WARN_DIRECT_OBJC_ISA_USAGE = YES_ERROR;
				CLANG_WARN_EMPTY_BODY = YES;
				CLANG_WARN_ENUM_CONVERSION = YES;
				CLANG_WARN_INT_CONVERSION = YES;
				CLANG_WARN_OBJC_ROOT_CLASS = YES_ERROR;
				CLANG_WARN__DUPLICATE_METHOD_MATCH = YES;
				"CODE_SIGN_IDENTITY[sdk=iphoneos*]" = "iPhone Developer";
				COPY_PHASE_STRIP = NO;
				GCC_C_LANGUAGE_STANDARD = gnu99;
				GCC_DYNAMIC_NO_PIC = NO;
				GCC_OPTIMIZATION_LEVEL = 0;
				GCC_PREPROCESSOR_DEFINITIONS = (
					"DEBUG=1",
					"$(inherited)",
				);
				GCC_SYMBOLS_PRIVATE_EXTERN = NO;
				GCC_WARN_64_TO_32_BIT_CONVERSION = YES;
				GCC_WARN_ABOUT_RETURN_TYPE = YES_ERROR;
				GCC_WARN_UNDECLARED_SELECTOR = YES;
				GCC_WARN_UNINITIALIZED_AUTOS = YES_AGGRESSIVE;
				GCC_WARN_UNUSED_FUNCTION = YES;
				GCC_WARN_UNUSED_VARIABLE = YES;
				IPHONEOS_DEPLOYMENT_TARGET = 7.1;
				ONLY_ACTIVE_ARCH = YES;
				SDKROOT = iphoneos;
				TARGETED_DEVICE_FAMILY = "1,2";
			};
			name = Debug;
		};
		6CB1FEEB18FDD3B700D3529D /* Release */ = {
			isa = XCBuildConfiguration;
			buildSettings = {
				ALWAYS_SEARCH_USER_PATHS = NO;
				CLANG_CXX_LANGUAGE_STANDARD = "gnu++0x";
				CLANG_CXX_LIBRARY = "libc++";
				CLANG_ENABLE_MODULES = YES;
				CLANG_ENABLE_OBJC_ARC = YES;
				CLANG_WARN_BOOL_CONVERSION = YES;
				CLANG_WARN_CONSTANT_CONVERSION = YES;
				CLANG_WARN_DIRECT_OBJC_ISA_USAGE = YES_ERROR;
				CLANG_WARN_EMPTY_BODY = YES;
				CLANG_WARN_ENUM_CONVERSION = YES;
				CLANG_WARN_INT_CONVERSION = YES;
				CLANG_WARN_OBJC_ROOT_CLASS = YES_ERROR;
				CLANG_WARN__DUPLICATE_METHOD_MATCH = YES;
				"CODE_SIGN_IDENTITY[sdk=iphoneos*]" = "iPhone Developer";
				COPY_PHASE_STRIP = YES;
				ENABLE_NS_ASSERTIONS = NO;
				GCC_C_LANGUAGE_STANDARD = gnu99;
				GCC_WARN_64_TO_32_BIT_CONVERSION = YES;
				GCC_WARN_ABOUT_RETURN_TYPE = YES_ERROR;
				GCC_WARN_UNDECLARED_SELECTOR = YES;
				GCC_WARN_UNINITIALIZED_AUTOS = YES_AGGRESSIVE;
				GCC_WARN_UNUSED_FUNCTION = YES;
				GCC_WARN_UNUSED_VARIABLE = YES;
				IPHONEOS_DEPLOYMENT_TARGET = 7.1;
				SDKROOT = iphoneos;
				TARGETED_DEVICE_FAMILY = "1,2";
				VALIDATE_PRODUCT = YES;
			};
			name = Release;
		};
		6CB1FEED18FDD3B700D3529D /* Debug */ = {
			isa = XCBuildConfiguration;
			buildSettings = {
				ASSETCATALOG_COMPILER_APPICON_NAME = AppIcon;
				ASSETCATALOG_COMPILER_LAUNCHIMAGE_NAME = LaunchImage;
				GCC_PRECOMPILE_PREFIX_HEADER = YES;
				GCC_PREFIX_HEADER = "WebViewTester/WebViewTester-Prefix.pch";
				INFOPLIST_FILE = "WebViewTester/WebViewTester-Info.plist";
				PRODUCT_NAME = "$(TARGET_NAME)";
				PROVISIONING_PROFILE = "72BEBDC9-4370-4187-9DDB-1530B2F1D0B3";
				WRAPPER_EXTENSION = app;
			};
			name = Debug;
		};
		6CB1FEEE18FDD3B700D3529D /* Release */ = {
			isa = XCBuildConfiguration;
			buildSettings = {
				ASSETCATALOG_COMPILER_APPICON_NAME = AppIcon;
				ASSETCATALOG_COMPILER_LAUNCHIMAGE_NAME = LaunchImage;
				CODE_SIGN_IDENTITY = "iPhone Distribution";
				"CODE_SIGN_IDENTITY[sdk=iphoneos*]" = "iPhone Distribution";
				GCC_PRECOMPILE_PREFIX_HEADER = YES;
				GCC_PREFIX_HEADER = "WebViewTester/WebViewTester-Prefix.pch";
				INFOPLIST_FILE = "WebViewTester/WebViewTester-Info.plist";
				PRODUCT_NAME = "$(TARGET_NAME)";
				PROVISIONING_PROFILE = "72BEBDC9-4370-4187-9DDB-1530B2F1D0B3";
				WRAPPER_EXTENSION = app;
			};
			name = Release;
		};
/* End XCBuildConfiguration section */

/* Begin XCConfigurationList section */
		6CB1FEB218FDD3B700D3529D /* Build configuration list for PBXProject "WebViewTester" */ = {
			isa = XCConfigurationList;
			buildConfigurations = (
				6CB1FEEA18FDD3B700D3529D /* Debug */,
				6CB1FEEB18FDD3B700D3529D /* Release */,
			);
			defaultConfigurationIsVisible = 0;
			defaultConfigurationName = Release;
		};
		6CB1FEEC18FDD3B700D3529D /* Build configuration list for PBXNativeTarget "WebViewTester" */ = {
			isa = XCConfigurationList;
			buildConfigurations = (
				6CB1FEED18FDD3B700D3529D /* Debug */,
				6CB1FEEE18FDD3B700D3529D /* Release */,
			);
			defaultConfigurationIsVisible = 0;
		};
/* End XCConfigurationList section */
	};
	rootObject = 6CB1FEAF18FDD3B700D3529D /* Project object */;
}
